// !$*UTF8*$!
{
	archiveVersion = 1;
	classes = {
	};
	objectVersion = 56;
	objects = {

/* Begin PBXBuildFile section */
		2F0C473D2A4DE18B003BFA52 /* RMGetAllCharactersResponse.swift in Sources */ = {isa = PBXBuildFile; fileRef = 2F0C473C2A4DE18B003BFA52 /* RMGetAllCharactersResponse.swift */; };
		2F0C473F2A4DE1AC003BFA52 /* RMGetAllEpisodesResponse.swift in Sources */ = {isa = PBXBuildFile; fileRef = 2F0C473E2A4DE1AC003BFA52 /* RMGetAllEpisodesResponse.swift */; };
		2F0C47412A4DF0E9003BFA52 /* RMSearchViewController.swift in Sources */ = {isa = PBXBuildFile; fileRef = 2F0C47402A4DF0E9003BFA52 /* RMSearchViewController.swift */; };
		2F0C47442A4DFE17003BFA52 /* RMEpisodeInfoCollectionViewCell.swift in Sources */ = {isa = PBXBuildFile; fileRef = 2F0C47432A4DFE17003BFA52 /* RMEpisodeInfoCollectionViewCell.swift */; };
		2F0C47472A4DFE51003BFA52 /* RMEpisodeInfoCollectionViewCellViewModel.swift in Sources */ = {isa = PBXBuildFile; fileRef = 2F0C47462A4DFE51003BFA52 /* RMEpisodeInfoCollectionViewCellViewModel.swift */; };
		2F0C9A9F2A44036900082A26 /* AppDelegate.swift in Sources */ = {isa = PBXBuildFile; fileRef = 2F0C9A9E2A44036900082A26 /* AppDelegate.swift */; };
		2F0C9AA12A44036900082A26 /* SceneDelegate.swift in Sources */ = {isa = PBXBuildFile; fileRef = 2F0C9AA02A44036900082A26 /* SceneDelegate.swift */; };
		2F0C9AA32A44036900082A26 /* RMTabViewController.swift in Sources */ = {isa = PBXBuildFile; fileRef = 2F0C9AA22A44036900082A26 /* RMTabViewController.swift */; };
		2F0C9AA82A44036A00082A26 /* Assets.xcassets in Resources */ = {isa = PBXBuildFile; fileRef = 2F0C9AA72A44036A00082A26 /* Assets.xcassets */; };
		2F0C9AAB2A44036A00082A26 /* LaunchScreen.storyboard in Resources */ = {isa = PBXBuildFile; fileRef = 2F0C9AA92A44036A00082A26 /* LaunchScreen.storyboard */; };
		2F0C9ABA2A44055C00082A26 /* RMLocation.swift in Sources */ = {isa = PBXBuildFile; fileRef = 2F0C9AB92A44055C00082A26 /* RMLocation.swift */; };
		2F0C9ABC2A44056900082A26 /* RMCharacter.swift in Sources */ = {isa = PBXBuildFile; fileRef = 2F0C9ABB2A44056900082A26 /* RMCharacter.swift */; };
		2F0C9ABE2A44057100082A26 /* RMEpisode.swift in Sources */ = {isa = PBXBuildFile; fileRef = 2F0C9ABD2A44057100082A26 /* RMEpisode.swift */; };
		2F0C9AC12A4405E200082A26 /* RMCharacterViewController.swift in Sources */ = {isa = PBXBuildFile; fileRef = 2F0C9AC02A4405E200082A26 /* RMCharacterViewController.swift */; };
		2F0C9AC32A44060E00082A26 /* RMLocationViewController.swift in Sources */ = {isa = PBXBuildFile; fileRef = 2F0C9AC22A44060E00082A26 /* RMLocationViewController.swift */; };
		2F0C9AC52A44062000082A26 /* RMEpisodeViewController.swift in Sources */ = {isa = PBXBuildFile; fileRef = 2F0C9AC42A44062000082A26 /* RMEpisodeViewController.swift */; };
		2F0C9AC72A44063100082A26 /* RMSettingsViewController.swift in Sources */ = {isa = PBXBuildFile; fileRef = 2F0C9AC62A44063100082A26 /* RMSettingsViewController.swift */; };
		2F0C9AC92A44096300082A26 /* RMService.swift in Sources */ = {isa = PBXBuildFile; fileRef = 2F0C9AC82A44096300082A26 /* RMService.swift */; };
		2F0C9ACD2A44098300082A26 /* RMRequest.swift in Sources */ = {isa = PBXBuildFile; fileRef = 2F0C9ACC2A44098300082A26 /* RMRequest.swift */; };
		2F0C9ACF2A440A1500082A26 /* RMEndpoint.swift in Sources */ = {isa = PBXBuildFile; fileRef = 2F0C9ACE2A440A1500082A26 /* RMEndpoint.swift */; };
		2F0C9AD12A440BF100082A26 /* RMOrigin.swift in Sources */ = {isa = PBXBuildFile; fileRef = 2F0C9AD02A440BF100082A26 /* RMOrigin.swift */; };
		2F0C9AD32A440C2F00082A26 /* RMSingleLocation.swift in Sources */ = {isa = PBXBuildFile; fileRef = 2F0C9AD22A440C2F00082A26 /* RMSingleLocation.swift */; };
		2F0C9AD62A440CBF00082A26 /* RMCharacterStatus.swift in Sources */ = {isa = PBXBuildFile; fileRef = 2F0C9AD52A440CBF00082A26 /* RMCharacterStatus.swift */; };
		2F0C9AD82A440CD700082A26 /* RMCharacterGender.swift in Sources */ = {isa = PBXBuildFile; fileRef = 2F0C9AD72A440CD700082A26 /* RMCharacterGender.swift */; };
		2F25F34E2A461D83007D2EB7 /* RMCharacterDetailViewController.swift in Sources */ = {isa = PBXBuildFile; fileRef = 2F25F34D2A461D83007D2EB7 /* RMCharacterDetailViewController.swift */; };
		2F25F3502A461E1A007D2EB7 /* RMCharacterDetailView.swift in Sources */ = {isa = PBXBuildFile; fileRef = 2F25F34F2A461E1A007D2EB7 /* RMCharacterDetailView.swift */; };
		2F25F3532A461E33007D2EB7 /* RMCharacterDetailViewViewModel.swift in Sources */ = {isa = PBXBuildFile; fileRef = 2F25F3522A461E33007D2EB7 /* RMCharacterDetailViewViewModel.swift */; };
		2F25F3552A4622B8007D2EB7 /* RMFooterLoadingCollectionReusableView.swift in Sources */ = {isa = PBXBuildFile; fileRef = 2F25F3542A4622B8007D2EB7 /* RMFooterLoadingCollectionReusableView.swift */; };
		2F25F3572A4639EB007D2EB7 /* RMImageLoader.swift in Sources */ = {isa = PBXBuildFile; fileRef = 2F25F3562A4639EB007D2EB7 /* RMImageLoader.swift */; };
		2F25F35B2A464D63007D2EB7 /* RMCharacterPhotoCollectionViewCell.swift in Sources */ = {isa = PBXBuildFile; fileRef = 2F25F35A2A464D63007D2EB7 /* RMCharacterPhotoCollectionViewCell.swift */; };
		2F25F35D2A464D7E007D2EB7 /* RMCharacterInformationCollectionViewCell.swift in Sources */ = {isa = PBXBuildFile; fileRef = 2F25F35C2A464D7E007D2EB7 /* RMCharacterInformationCollectionViewCell.swift */; };
		2F25F35F2A464D8F007D2EB7 /* RMCharacterEpisodeCollectionViewCell.swift in Sources */ = {isa = PBXBuildFile; fileRef = 2F25F35E2A464D8F007D2EB7 /* RMCharacterEpisodeCollectionViewCell.swift */; };
		2F25F3622A464DF9007D2EB7 /* RMCharacterPhotoCollectionViewCellViewModel.swift in Sources */ = {isa = PBXBuildFile; fileRef = 2F25F3612A464DF9007D2EB7 /* RMCharacterPhotoCollectionViewCellViewModel.swift */; };
		2F25F3642A464E12007D2EB7 /* RMCharacterInformationCollectionViewCellViewModel.swift in Sources */ = {isa = PBXBuildFile; fileRef = 2F25F3632A464E12007D2EB7 /* RMCharacterInformationCollectionViewCellViewModel.swift */; };
		2F25F3662A464E1E007D2EB7 /* RMCharacterEpisodeCollectionViewCellViewModel.swift in Sources */ = {isa = PBXBuildFile; fileRef = 2F25F3652A464E1E007D2EB7 /* RMCharacterEpisodeCollectionViewCellViewModel.swift */; };
		2F3C7FEF2A48DC530069E501 /* RMEpisodeDetailViewController.swift in Sources */ = {isa = PBXBuildFile; fileRef = 2F3C7FEE2A48DC530069E501 /* RMEpisodeDetailViewController.swift */; };
		2F3C7FF12A48DF980069E501 /* RMAPICacheManager.swift in Sources */ = {isa = PBXBuildFile; fileRef = 2F3C7FF02A48DF980069E501 /* RMAPICacheManager.swift */; };
		2F3C7FF32A48E32B0069E501 /* RMEpisodeDetailViewViewModel.swift in Sources */ = {isa = PBXBuildFile; fileRef = 2F3C7FF22A48E32B0069E501 /* RMEpisodeDetailViewViewModel.swift */; };
		2F3C7FF52A48E35F0069E501 /* RMEpisodeDetailView.swift in Sources */ = {isa = PBXBuildFile; fileRef = 2F3C7FF42A48E35F0069E501 /* RMEpisodeDetailView.swift */; };
		2F3C7FFB2A48E5F40069E501 /* RMEpisodeListView.swift in Sources */ = {isa = PBXBuildFile; fileRef = 2F3C7FFA2A48E5F40069E501 /* RMEpisodeListView.swift */; };
		2F3C7FFD2A48E9190069E501 /* RMEpisodeListViewViewModel.swift in Sources */ = {isa = PBXBuildFile; fileRef = 2F3C7FFC2A48E9190069E501 /* RMEpisodeListViewViewModel.swift */; };
		2F97D62A2A455C64009E890D /* RMCharacterListViewViewModel.swift in Sources */ = {isa = PBXBuildFile; fileRef = 2F97D6292A455C64009E890D /* RMCharacterListViewViewModel.swift */; };
		2F97D62C2A455D0C009E890D /* RMCharacterListView.swift in Sources */ = {isa = PBXBuildFile; fileRef = 2F97D62B2A455D0C009E890D /* RMCharacterListView.swift */; };
		2F97D62E2A456127009E890D /* Extensions.swift in Sources */ = {isa = PBXBuildFile; fileRef = 2F97D62D2A456127009E890D /* Extensions.swift */; };
		2F97D6302A4565BF009E890D /* RMCharacterCollectionViewCell.swift in Sources */ = {isa = PBXBuildFile; fileRef = 2F97D62F2A4565BF009E890D /* RMCharacterCollectionViewCell.swift */; };
		2F97D6322A4566ED009E890D /* RMCharacterCollectionViewCellViewModel.swift in Sources */ = {isa = PBXBuildFile; fileRef = 2F97D6312A4566ED009E890D /* RMCharacterCollectionViewCellViewModel.swift */; };
/* End PBXBuildFile section */

/* Begin PBXFileReference section */
		2F0C473C2A4DE18B003BFA52 /* RMGetAllCharactersResponse.swift */ = {isa = PBXFileReference; lastKnownFileType = sourcecode.swift; path = RMGetAllCharactersResponse.swift; sourceTree = "<group>"; };
		2F0C473E2A4DE1AC003BFA52 /* RMGetAllEpisodesResponse.swift */ = {isa = PBXFileReference; lastKnownFileType = sourcecode.swift; path = RMGetAllEpisodesResponse.swift; sourceTree = "<group>"; };
		2F0C47402A4DF0E9003BFA52 /* RMSearchViewController.swift */ = {isa = PBXFileReference; lastKnownFileType = sourcecode.swift; path = RMSearchViewController.swift; sourceTree = "<group>"; };
		2F0C47432A4DFE17003BFA52 /* RMEpisodeInfoCollectionViewCell.swift */ = {isa = PBXFileReference; lastKnownFileType = sourcecode.swift; path = RMEpisodeInfoCollectionViewCell.swift; sourceTree = "<group>"; };
		2F0C47462A4DFE51003BFA52 /* RMEpisodeInfoCollectionViewCellViewModel.swift */ = {isa = PBXFileReference; lastKnownFileType = sourcecode.swift; path = RMEpisodeInfoCollectionViewCellViewModel.swift; sourceTree = "<group>"; };
		2F0C9A9B2A44036900082A26 /* RickAndMorty.app */ = {isa = PBXFileReference; explicitFileType = wrapper.application; includeInIndex = 0; path = RickAndMorty.app; sourceTree = BUILT_PRODUCTS_DIR; };
		2F0C9A9E2A44036900082A26 /* AppDelegate.swift */ = {isa = PBXFileReference; lastKnownFileType = sourcecode.swift; path = AppDelegate.swift; sourceTree = "<group>"; };
		2F0C9AA02A44036900082A26 /* SceneDelegate.swift */ = {isa = PBXFileReference; lastKnownFileType = sourcecode.swift; path = SceneDelegate.swift; sourceTree = "<group>"; };
		2F0C9AA22A44036900082A26 /* RMTabViewController.swift */ = {isa = PBXFileReference; lastKnownFileType = sourcecode.swift; path = RMTabViewController.swift; sourceTree = "<group>"; };
		2F0C9AA72A44036A00082A26 /* Assets.xcassets */ = {isa = PBXFileReference; lastKnownFileType = folder.assetcatalog; path = Assets.xcassets; sourceTree = "<group>"; };
		2F0C9AAA2A44036A00082A26 /* Base */ = {isa = PBXFileReference; lastKnownFileType = file.storyboard; name = Base; path = Base.lproj/LaunchScreen.storyboard; sourceTree = "<group>"; };
		2F0C9AAC2A44036A00082A26 /* Info.plist */ = {isa = PBXFileReference; lastKnownFileType = text.plist.xml; path = Info.plist; sourceTree = "<group>"; };
		2F0C9AB92A44055C00082A26 /* RMLocation.swift */ = {isa = PBXFileReference; lastKnownFileType = sourcecode.swift; path = RMLocation.swift; sourceTree = "<group>"; };
		2F0C9ABB2A44056900082A26 /* RMCharacter.swift */ = {isa = PBXFileReference; lastKnownFileType = sourcecode.swift; path = RMCharacter.swift; sourceTree = "<group>"; };
		2F0C9ABD2A44057100082A26 /* RMEpisode.swift */ = {isa = PBXFileReference; lastKnownFileType = sourcecode.swift; path = RMEpisode.swift; sourceTree = "<group>"; };
		2F0C9AC02A4405E200082A26 /* RMCharacterViewController.swift */ = {isa = PBXFileReference; lastKnownFileType = sourcecode.swift; path = RMCharacterViewController.swift; sourceTree = "<group>"; };
		2F0C9AC22A44060E00082A26 /* RMLocationViewController.swift */ = {isa = PBXFileReference; lastKnownFileType = sourcecode.swift; path = RMLocationViewController.swift; sourceTree = "<group>"; };
		2F0C9AC42A44062000082A26 /* RMEpisodeViewController.swift */ = {isa = PBXFileReference; lastKnownFileType = sourcecode.swift; path = RMEpisodeViewController.swift; sourceTree = "<group>"; };
		2F0C9AC62A44063100082A26 /* RMSettingsViewController.swift */ = {isa = PBXFileReference; lastKnownFileType = sourcecode.swift; path = RMSettingsViewController.swift; sourceTree = "<group>"; };
		2F0C9AC82A44096300082A26 /* RMService.swift */ = {isa = PBXFileReference; lastKnownFileType = sourcecode.swift; path = RMService.swift; sourceTree = "<group>"; };
		2F0C9ACC2A44098300082A26 /* RMRequest.swift */ = {isa = PBXFileReference; lastKnownFileType = sourcecode.swift; path = RMRequest.swift; sourceTree = "<group>"; };
		2F0C9ACE2A440A1500082A26 /* RMEndpoint.swift */ = {isa = PBXFileReference; lastKnownFileType = sourcecode.swift; path = RMEndpoint.swift; sourceTree = "<group>"; };
		2F0C9AD02A440BF100082A26 /* RMOrigin.swift */ = {isa = PBXFileReference; lastKnownFileType = sourcecode.swift; path = RMOrigin.swift; sourceTree = "<group>"; };
		2F0C9AD22A440C2F00082A26 /* RMSingleLocation.swift */ = {isa = PBXFileReference; lastKnownFileType = sourcecode.swift; path = RMSingleLocation.swift; sourceTree = "<group>"; };
		2F0C9AD52A440CBF00082A26 /* RMCharacterStatus.swift */ = {isa = PBXFileReference; lastKnownFileType = sourcecode.swift; path = RMCharacterStatus.swift; sourceTree = "<group>"; };
		2F0C9AD72A440CD700082A26 /* RMCharacterGender.swift */ = {isa = PBXFileReference; lastKnownFileType = sourcecode.swift; path = RMCharacterGender.swift; sourceTree = "<group>"; };
		2F25F34D2A461D83007D2EB7 /* RMCharacterDetailViewController.swift */ = {isa = PBXFileReference; lastKnownFileType = sourcecode.swift; path = RMCharacterDetailViewController.swift; sourceTree = "<group>"; };
		2F25F34F2A461E1A007D2EB7 /* RMCharacterDetailView.swift */ = {isa = PBXFileReference; lastKnownFileType = sourcecode.swift; path = RMCharacterDetailView.swift; sourceTree = "<group>"; };
		2F25F3522A461E33007D2EB7 /* RMCharacterDetailViewViewModel.swift */ = {isa = PBXFileReference; lastKnownFileType = sourcecode.swift; path = RMCharacterDetailViewViewModel.swift; sourceTree = "<group>"; };
		2F25F3542A4622B8007D2EB7 /* RMFooterLoadingCollectionReusableView.swift */ = {isa = PBXFileReference; lastKnownFileType = sourcecode.swift; path = RMFooterLoadingCollectionReusableView.swift; sourceTree = "<group>"; };
		2F25F3562A4639EB007D2EB7 /* RMImageLoader.swift */ = {isa = PBXFileReference; lastKnownFileType = sourcecode.swift; path = RMImageLoader.swift; sourceTree = "<group>"; };
		2F25F35A2A464D63007D2EB7 /* RMCharacterPhotoCollectionViewCell.swift */ = {isa = PBXFileReference; lastKnownFileType = sourcecode.swift; path = RMCharacterPhotoCollectionViewCell.swift; sourceTree = "<group>"; };
		2F25F35C2A464D7E007D2EB7 /* RMCharacterInformationCollectionViewCell.swift */ = {isa = PBXFileReference; lastKnownFileType = sourcecode.swift; path = RMCharacterInformationCollectionViewCell.swift; sourceTree = "<group>"; };
		2F25F35E2A464D8F007D2EB7 /* RMCharacterEpisodeCollectionViewCell.swift */ = {isa = PBXFileReference; lastKnownFileType = sourcecode.swift; path = RMCharacterEpisodeCollectionViewCell.swift; sourceTree = "<group>"; };
		2F25F3612A464DF9007D2EB7 /* RMCharacterPhotoCollectionViewCellViewModel.swift */ = {isa = PBXFileReference; lastKnownFileType = sourcecode.swift; path = RMCharacterPhotoCollectionViewCellViewModel.swift; sourceTree = "<group>"; };
		2F25F3632A464E12007D2EB7 /* RMCharacterInformationCollectionViewCellViewModel.swift */ = {isa = PBXFileReference; lastKnownFileType = sourcecode.swift; path = RMCharacterInformationCollectionViewCellViewModel.swift; sourceTree = "<group>"; };
		2F25F3652A464E1E007D2EB7 /* RMCharacterEpisodeCollectionViewCellViewModel.swift */ = {isa = PBXFileReference; lastKnownFileType = sourcecode.swift; path = RMCharacterEpisodeCollectionViewCellViewModel.swift; sourceTree = "<group>"; };
		2F3C7FEE2A48DC530069E501 /* RMEpisodeDetailViewController.swift */ = {isa = PBXFileReference; lastKnownFileType = sourcecode.swift; path = RMEpisodeDetailViewController.swift; sourceTree = "<group>"; };
		2F3C7FF02A48DF980069E501 /* RMAPICacheManager.swift */ = {isa = PBXFileReference; lastKnownFileType = sourcecode.swift; path = RMAPICacheManager.swift; sourceTree = "<group>"; };
		2F3C7FF22A48E32B0069E501 /* RMEpisodeDetailViewViewModel.swift */ = {isa = PBXFileReference; lastKnownFileType = sourcecode.swift; path = RMEpisodeDetailViewViewModel.swift; sourceTree = "<group>"; };
		2F3C7FF42A48E35F0069E501 /* RMEpisodeDetailView.swift */ = {isa = PBXFileReference; lastKnownFileType = sourcecode.swift; path = RMEpisodeDetailView.swift; sourceTree = "<group>"; };
		2F3C7FFA2A48E5F40069E501 /* RMEpisodeListView.swift */ = {isa = PBXFileReference; lastKnownFileType = sourcecode.swift; path = RMEpisodeListView.swift; sourceTree = "<group>"; };
		2F3C7FFC2A48E9190069E501 /* RMEpisodeListViewViewModel.swift */ = {isa = PBXFileReference; lastKnownFileType = sourcecode.swift; path = RMEpisodeListViewViewModel.swift; sourceTree = "<group>"; };
		2F97D6292A455C64009E890D /* RMCharacterListViewViewModel.swift */ = {isa = PBXFileReference; lastKnownFileType = sourcecode.swift; path = RMCharacterListViewViewModel.swift; sourceTree = "<group>"; };
		2F97D62B2A455D0C009E890D /* RMCharacterListView.swift */ = {isa = PBXFileReference; lastKnownFileType = sourcecode.swift; path = RMCharacterListView.swift; sourceTree = "<group>"; };
		2F97D62D2A456127009E890D /* Extensions.swift */ = {isa = PBXFileReference; lastKnownFileType = sourcecode.swift; path = Extensions.swift; sourceTree = "<group>"; };
		2F97D62F2A4565BF009E890D /* RMCharacterCollectionViewCell.swift */ = {isa = PBXFileReference; lastKnownFileType = sourcecode.swift; path = RMCharacterCollectionViewCell.swift; sourceTree = "<group>"; };
		2F97D6312A4566ED009E890D /* RMCharacterCollectionViewCellViewModel.swift */ = {isa = PBXFileReference; lastKnownFileType = sourcecode.swift; path = RMCharacterCollectionViewCellViewModel.swift; sourceTree = "<group>"; };
/* End PBXFileReference section */

/* Begin PBXFrameworksBuildPhase section */
		2F0C9A982A44036900082A26 /* Frameworks */ = {
			isa = PBXFrameworksBuildPhase;
			buildActionMask = 2147483647;
			files = (
			);
			runOnlyForDeploymentPostprocessing = 0;
		};
/* End PBXFrameworksBuildPhase section */

/* Begin PBXGroup section */
		2F0C47422A4DFDE8003BFA52 /* EpisodeDetals */ = {
			isa = PBXGroup;
			children = (
				2F3C7FF42A48E35F0069E501 /* RMEpisodeDetailView.swift */,
				2F0C47432A4DFE17003BFA52 /* RMEpisodeInfoCollectionViewCell.swift */,
			);
			path = EpisodeDetals;
			sourceTree = "<group>";
		};
		2F0C47452A4DFE2F003BFA52 /* EpisodeDetail */ = {
			isa = PBXGroup;
			children = (
				2F3C7FF22A48E32B0069E501 /* RMEpisodeDetailViewViewModel.swift */,
				2F0C47462A4DFE51003BFA52 /* RMEpisodeInfoCollectionViewCellViewModel.swift */,
			);
			path = EpisodeDetail;
			sourceTree = "<group>";
		};
		2F0C9A922A44036900082A26 = {
			isa = PBXGroup;
			children = (
				2F0C9A9D2A44036900082A26 /* RickAndMorty */,
				2F0C9A9C2A44036900082A26 /* Products */,
			);
			sourceTree = "<group>";
		};
		2F0C9A9C2A44036900082A26 /* Products */ = {
			isa = PBXGroup;
			children = (
				2F0C9A9B2A44036900082A26 /* RickAndMorty.app */,
			);
			name = Products;
			sourceTree = "<group>";
		};
		2F0C9A9D2A44036900082A26 /* RickAndMorty */ = {
			isa = PBXGroup;
			children = (
				2F0C9AB82A4404D500082A26 /* Resources */,
				2F0C9AB72A4404CE00082A26 /* Managers */,
				2F0C9AB62A4404C700082A26 /* APIClient */,
				2F0C9AB52A4404C100082A26 /* ViewsModels */,
				2F0C9AB42A4404BD00082A26 /* Views */,
				2F0C9AB32A4404B400082A26 /* Models */,
				2F0C9AB22A4404AE00082A26 /* Controllers */,
				2F0C9AAC2A44036A00082A26 /* Info.plist */,
			);
			path = RickAndMorty;
			sourceTree = "<group>";
		};
		2F0C9AB22A4404AE00082A26 /* Controllers */ = {
			isa = PBXGroup;
			children = (
				2F25F34C2A461D5D007D2EB7 /* Other */,
				2F0C9ABF2A4405B500082A26 /* Core */,
			);
			path = Controllers;
			sourceTree = "<group>";
		};
		2F0C9AB32A4404B400082A26 /* Models */ = {
			isa = PBXGroup;
			children = (
				2FFA792C2A44164000774A49 /* APIResponseTypes */,
				2FFA792B2A44162600774A49 /* DataTypes */,
			);
			path = Models;
			sourceTree = "<group>";
		};
		2F0C9AB42A4404BD00082A26 /* Views */ = {
			isa = PBXGroup;
			children = (
				2F0C47422A4DFDE8003BFA52 /* EpisodeDetals */,
				2F3C7FF92A48E5E10069E501 /* Episode */,
				2F25F3582A464D18007D2EB7 /* CharacterDetails */,
				2F25F3592A464D38007D2EB7 /* Character */,
				2F25F3542A4622B8007D2EB7 /* RMFooterLoadingCollectionReusableView.swift */,
			);
			path = Views;
			sourceTree = "<group>";
		};
		2F0C9AB52A4404C100082A26 /* ViewsModels */ = {
			isa = PBXGroup;
			children = (
				2F0C47452A4DFE2F003BFA52 /* EpisodeDetail */,
				2F25F3602A464DC7007D2EB7 /* CharacterDetail */,
				2F97D6292A455C64009E890D /* RMCharacterListViewViewModel.swift */,
				2F97D6312A4566ED009E890D /* RMCharacterCollectionViewCellViewModel.swift */,
				2F3C7FFC2A48E9190069E501 /* RMEpisodeListViewViewModel.swift */,
			);
			path = ViewsModels;
			sourceTree = "<group>";
		};
		2F0C9AB62A4404C700082A26 /* APIClient */ = {
			isa = PBXGroup;
			children = (
				2F0C9AC82A44096300082A26 /* RMService.swift */,
				2F0C9ACC2A44098300082A26 /* RMRequest.swift */,
				2F0C9ACE2A440A1500082A26 /* RMEndpoint.swift */,
			);
			path = APIClient;
			sourceTree = "<group>";
		};
		2F0C9AB72A4404CE00082A26 /* Managers */ = {
			isa = PBXGroup;
			children = (
				2F25F3562A4639EB007D2EB7 /* RMImageLoader.swift */,
				2F3C7FF02A48DF980069E501 /* RMAPICacheManager.swift */,
			);
			path = Managers;
			sourceTree = "<group>";
		};
		2F0C9AB82A4404D500082A26 /* Resources */ = {
			isa = PBXGroup;
			children = (
				2F0C9AA72A44036A00082A26 /* Assets.xcassets */,
				2F0C9AA92A44036A00082A26 /* LaunchScreen.storyboard */,
				2F0C9A9E2A44036900082A26 /* AppDelegate.swift */,
				2F0C9AA02A44036900082A26 /* SceneDelegate.swift */,
				2F97D62D2A456127009E890D /* Extensions.swift */,
			);
			path = Resources;
			sourceTree = "<group>";
		};
		2F0C9ABF2A4405B500082A26 /* Core */ = {
			isa = PBXGroup;
			children = (
				2F0C9AA22A44036900082A26 /* RMTabViewController.swift */,
				2F0C9AC02A4405E200082A26 /* RMCharacterViewController.swift */,
				2F0C9AC22A44060E00082A26 /* RMLocationViewController.swift */,
				2F0C9AC42A44062000082A26 /* RMEpisodeViewController.swift */,
				2F0C9AC62A44063100082A26 /* RMSettingsViewController.swift */,
			);
			path = Core;
			sourceTree = "<group>";
		};
		2F25F34C2A461D5D007D2EB7 /* Other */ = {
			isa = PBXGroup;
			children = (
				2F25F34D2A461D83007D2EB7 /* RMCharacterDetailViewController.swift */,
				2F3C7FEE2A48DC530069E501 /* RMEpisodeDetailViewController.swift */,
				2F0C47402A4DF0E9003BFA52 /* RMSearchViewController.swift */,
			);
			path = Other;
			sourceTree = "<group>";
		};
		2F25F3582A464D18007D2EB7 /* CharacterDetails */ = {
			isa = PBXGroup;
			children = (
				2F25F34F2A461E1A007D2EB7 /* RMCharacterDetailView.swift */,
				2F25F35A2A464D63007D2EB7 /* RMCharacterPhotoCollectionViewCell.swift */,
				2F25F35C2A464D7E007D2EB7 /* RMCharacterInformationCollectionViewCell.swift */,
				2F25F35E2A464D8F007D2EB7 /* RMCharacterEpisodeCollectionViewCell.swift */,
			);
			path = CharacterDetails;
			sourceTree = "<group>";
		};
		2F25F3592A464D38007D2EB7 /* Character */ = {
			isa = PBXGroup;
			children = (
				2F97D62B2A455D0C009E890D /* RMCharacterListView.swift */,
				2F97D62F2A4565BF009E890D /* RMCharacterCollectionViewCell.swift */,
			);
			path = Character;
			sourceTree = "<group>";
		};
		2F25F3602A464DC7007D2EB7 /* CharacterDetail */ = {
			isa = PBXGroup;
			children = (
				2F25F3522A461E33007D2EB7 /* RMCharacterDetailViewViewModel.swift */,
				2F25F3612A464DF9007D2EB7 /* RMCharacterPhotoCollectionViewCellViewModel.swift */,
				2F25F3632A464E12007D2EB7 /* RMCharacterInformationCollectionViewCellViewModel.swift */,
				2F25F3652A464E1E007D2EB7 /* RMCharacterEpisodeCollectionViewCellViewModel.swift */,
			);
			path = CharacterDetail;
			sourceTree = "<group>";
		};
		2F3C7FF92A48E5E10069E501 /* Episode */ = {
			isa = PBXGroup;
			children = (
				2F3C7FFA2A48E5F40069E501 /* RMEpisodeListView.swift */,
			);
			path = Episode;
			sourceTree = "<group>";
		};
		2FFA792B2A44162600774A49 /* DataTypes */ = {
			isa = PBXGroup;
			children = (
				2F0C9AB92A44055C00082A26 /* RMLocation.swift */,
				2F0C9ABB2A44056900082A26 /* RMCharacter.swift */,
				2F0C9ABD2A44057100082A26 /* RMEpisode.swift */,
				2F0C9AD02A440BF100082A26 /* RMOrigin.swift */,
				2F0C9AD22A440C2F00082A26 /* RMSingleLocation.swift */,
				2F0C9AD52A440CBF00082A26 /* RMCharacterStatus.swift */,
				2F0C9AD72A440CD700082A26 /* RMCharacterGender.swift */,
			);
			path = DataTypes;
			sourceTree = "<group>";
		};
		2FFA792C2A44164000774A49 /* APIResponseTypes */ = {
			isa = PBXGroup;
			children = (
				2F0C473C2A4DE18B003BFA52 /* RMGetAllCharactersResponse.swift */,
				2F0C473E2A4DE1AC003BFA52 /* RMGetAllEpisodesResponse.swift */,
			);
			path = APIResponseTypes;
			sourceTree = "<group>";
		};
/* End PBXGroup section */

/* Begin PBXNativeTarget section */
		2F0C9A9A2A44036900082A26 /* RickAndMorty */ = {
			isa = PBXNativeTarget;
			buildConfigurationList = 2F0C9AAF2A44036A00082A26 /* Build configuration list for PBXNativeTarget "RickAndMorty" */;
			buildPhases = (
				2F0C9A972A44036900082A26 /* Sources */,
				2F0C9A982A44036900082A26 /* Frameworks */,
				2F0C9A992A44036900082A26 /* Resources */,
			);
			buildRules = (
			);
			dependencies = (
			);
			name = RickAndMorty;
			productName = RickAndMorty;
			productReference = 2F0C9A9B2A44036900082A26 /* RickAndMorty.app */;
			productType = "com.apple.product-type.application";
		};
/* End PBXNativeTarget section */

/* Begin PBXProject section */
		2F0C9A932A44036900082A26 /* Project object */ = {
			isa = PBXProject;
			attributes = {
				BuildIndependentTargetsInParallel = 1;
				LastSwiftUpdateCheck = 1430;
				LastUpgradeCheck = 1430;
				TargetAttributes = {
					2F0C9A9A2A44036900082A26 = {
						CreatedOnToolsVersion = 14.3.1;
					};
				};
			};
			buildConfigurationList = 2F0C9A962A44036900082A26 /* Build configuration list for PBXProject "RickAndMorty" */;
			compatibilityVersion = "Xcode 14.0";
			developmentRegion = en;
			hasScannedForEncodings = 0;
			knownRegions = (
				en,
				Base,
			);
			mainGroup = 2F0C9A922A44036900082A26;
			productRefGroup = 2F0C9A9C2A44036900082A26 /* Products */;
			projectDirPath = "";
			projectRoot = "";
			targets = (
				2F0C9A9A2A44036900082A26 /* RickAndMorty */,
			);
		};
/* End PBXProject section */

/* Begin PBXResourcesBuildPhase section */
		2F0C9A992A44036900082A26 /* Resources */ = {
			isa = PBXResourcesBuildPhase;
			buildActionMask = 2147483647;
			files = (
				2F0C9AAB2A44036A00082A26 /* LaunchScreen.storyboard in Resources */,
				2F0C9AA82A44036A00082A26 /* Assets.xcassets in Resources */,
			);
			runOnlyForDeploymentPostprocessing = 0;
		};
/* End PBXResourcesBuildPhase section */

/* Begin PBXSourcesBuildPhase section */
		2F0C9A972A44036900082A26 /* Sources */ = {
			isa = PBXSourcesBuildPhase;
			buildActionMask = 2147483647;
			files = (
				2F0C9AD12A440BF100082A26 /* RMOrigin.swift in Sources */,
				2F25F3532A461E33007D2EB7 /* RMCharacterDetailViewViewModel.swift in Sources */,
				2F0C9AD32A440C2F00082A26 /* RMSingleLocation.swift in Sources */,
				2F0C47412A4DF0E9003BFA52 /* RMSearchViewController.swift in Sources */,
				2F97D62C2A455D0C009E890D /* RMCharacterListView.swift in Sources */,
				2F0C9AD62A440CBF00082A26 /* RMCharacterStatus.swift in Sources */,
				2F25F3642A464E12007D2EB7 /* RMCharacterInformationCollectionViewCellViewModel.swift in Sources */,
				2F0C9AD82A440CD700082A26 /* RMCharacterGender.swift in Sources */,
				2F0C9AC32A44060E00082A26 /* RMLocationViewController.swift in Sources */,
				2F0C9ABE2A44057100082A26 /* RMEpisode.swift in Sources */,
				2F3C7FFB2A48E5F40069E501 /* RMEpisodeListView.swift in Sources */,
				2F25F3552A4622B8007D2EB7 /* RMFooterLoadingCollectionReusableView.swift in Sources */,
				2F0C9AA32A44036900082A26 /* RMTabViewController.swift in Sources */,
				2F0C9AC52A44062000082A26 /* RMEpisodeViewController.swift in Sources */,
				2F97D6302A4565BF009E890D /* RMCharacterCollectionViewCell.swift in Sources */,
				2F0C9A9F2A44036900082A26 /* AppDelegate.swift in Sources */,
				2F0C9AA12A44036900082A26 /* SceneDelegate.swift in Sources */,
				2F25F35D2A464D7E007D2EB7 /* RMCharacterInformationCollectionViewCell.swift in Sources */,
				2F25F3572A4639EB007D2EB7 /* RMImageLoader.swift in Sources */,
				2F0C9AC72A44063100082A26 /* RMSettingsViewController.swift in Sources */,
				2F0C9AC92A44096300082A26 /* RMService.swift in Sources */,
				2F25F35B2A464D63007D2EB7 /* RMCharacterPhotoCollectionViewCell.swift in Sources */,
				2F25F3662A464E1E007D2EB7 /* RMCharacterEpisodeCollectionViewCellViewModel.swift in Sources */,
				2F97D62E2A456127009E890D /* Extensions.swift in Sources */,
				2F0C9ABA2A44055C00082A26 /* RMLocation.swift in Sources */,
				2F25F3622A464DF9007D2EB7 /* RMCharacterPhotoCollectionViewCellViewModel.swift in Sources */,
				2F0C9ACF2A440A1500082A26 /* RMEndpoint.swift in Sources */,
				2F0C9ABC2A44056900082A26 /* RMCharacter.swift in Sources */,
				2F0C9ACD2A44098300082A26 /* RMRequest.swift in Sources */,
				2F0C473D2A4DE18B003BFA52 /* RMGetAllCharactersResponse.swift in Sources */,
				2F3C7FEF2A48DC530069E501 /* RMEpisodeDetailViewController.swift in Sources */,
				2F3C7FF52A48E35F0069E501 /* RMEpisodeDetailView.swift in Sources */,
				2F97D6322A4566ED009E890D /* RMCharacterCollectionViewCellViewModel.swift in Sources */,
				2F25F34E2A461D83007D2EB7 /* RMCharacterDetailViewController.swift in Sources */,
				2F97D62A2A455C64009E890D /* RMCharacterListViewViewModel.swift in Sources */,
				2F25F35F2A464D8F007D2EB7 /* RMCharacterEpisodeCollectionViewCell.swift in Sources */,
				2F0C9AC12A4405E200082A26 /* RMCharacterViewController.swift in Sources */,
				2F3C7FFD2A48E9190069E501 /* RMEpisodeListViewViewModel.swift in Sources */,
				2F3C7FF12A48DF980069E501 /* RMAPICacheManager.swift in Sources */,
				2F0C473F2A4DE1AC003BFA52 /* RMGetAllEpisodesResponse.swift in Sources */,
				2F0C47472A4DFE51003BFA52 /* RMEpisodeInfoCollectionViewCellViewModel.swift in Sources */,
				2F0C47442A4DFE17003BFA52 /* RMEpisodeInfoCollectionViewCell.swift in Sources */,
				2F3C7FF32A48E32B0069E501 /* RMEpisodeDetailViewViewModel.swift in Sources */,
				2F25F3502A461E1A007D2EB7 /* RMCharacterDetailView.swift in Sources */,
			);
			runOnlyForDeploymentPostprocessing = 0;
		};
/* End PBXSourcesBuildPhase section */

/* Begin PBXVariantGroup section */
		2F0C9AA92A44036A00082A26 /* LaunchScreen.storyboard */ = {
			isa = PBXVariantGroup;
			children = (
				2F0C9AAA2A44036A00082A26 /* Base */,
			);
			name = LaunchScreen.storyboard;
			sourceTree = "<group>";
		};
/* End PBXVariantGroup section */

/* Begin XCBuildConfiguration section */
		2F0C9AAD2A44036A00082A26 /* Debug */ = {
			isa = XCBuildConfiguration;
			buildSettings = {
				ALWAYS_SEARCH_USER_PATHS = NO;
				CLANG_ANALYZER_NONNULL = YES;
				CLANG_ANALYZER_NUMBER_OBJECT_CONVERSION = YES_AGGRESSIVE;
				CLANG_CXX_LANGUAGE_STANDARD = "gnu++20";
				CLANG_ENABLE_MODULES = YES;
				CLANG_ENABLE_OBJC_ARC = YES;
				CLANG_ENABLE_OBJC_WEAK = YES;
				CLANG_WARN_BLOCK_CAPTURE_AUTORELEASING = YES;
				CLANG_WARN_BOOL_CONVERSION = YES;
				CLANG_WARN_COMMA = YES;
				CLANG_WARN_CONSTANT_CONVERSION = YES;
				CLANG_WARN_DEPRECATED_OBJC_IMPLEMENTATIONS = YES;
				CLANG_WARN_DIRECT_OBJC_ISA_USAGE = YES_ERROR;
				CLANG_WARN_DOCUMENTATION_COMMENTS = YES;
				CLANG_WARN_EMPTY_BODY = YES;
				CLANG_WARN_ENUM_CONVERSION = YES;
				CLANG_WARN_INFINITE_RECURSION = YES;
				CLANG_WARN_INT_CONVERSION = YES;
				CLANG_WARN_NON_LITERAL_NULL_CONVERSION = YES;
				CLANG_WARN_OBJC_IMPLICIT_RETAIN_SELF = YES;
				CLANG_WARN_OBJC_LITERAL_CONVERSION = YES;
				CLANG_WARN_OBJC_ROOT_CLASS = YES_ERROR;
				CLANG_WARN_QUOTED_INCLUDE_IN_FRAMEWORK_HEADER = YES;
				CLANG_WARN_RANGE_LOOP_ANALYSIS = YES;
				CLANG_WARN_STRICT_PROTOTYPES = YES;
				CLANG_WARN_SUSPICIOUS_MOVE = YES;
				CLANG_WARN_UNGUARDED_AVAILABILITY = YES_AGGRESSIVE;
				CLANG_WARN_UNREACHABLE_CODE = YES;
				CLANG_WARN__DUPLICATE_METHOD_MATCH = YES;
				COPY_PHASE_STRIP = NO;
				DEBUG_INFORMATION_FORMAT = dwarf;
				ENABLE_STRICT_OBJC_MSGSEND = YES;
				ENABLE_TESTABILITY = YES;
				GCC_C_LANGUAGE_STANDARD = gnu11;
				GCC_DYNAMIC_NO_PIC = NO;
				GCC_NO_COMMON_BLOCKS = YES;
				GCC_OPTIMIZATION_LEVEL = 0;
				GCC_PREPROCESSOR_DEFINITIONS = (
					"DEBUG=1",
					"$(inherited)",
				);
				GCC_WARN_64_TO_32_BIT_CONVERSION = YES;
				GCC_WARN_ABOUT_RETURN_TYPE = YES_ERROR;
				GCC_WARN_UNDECLARED_SELECTOR = YES;
				GCC_WARN_UNINITIALIZED_AUTOS = YES_AGGRESSIVE;
				GCC_WARN_UNUSED_FUNCTION = YES;
				GCC_WARN_UNUSED_VARIABLE = YES;
				IPHONEOS_DEPLOYMENT_TARGET = 16.4;
				MTL_ENABLE_DEBUG_INFO = INCLUDE_SOURCE;
				MTL_FAST_MATH = YES;
				ONLY_ACTIVE_ARCH = YES;
				SDKROOT = iphoneos;
				SWIFT_ACTIVE_COMPILATION_CONDITIONS = DEBUG;
				SWIFT_OPTIMIZATION_LEVEL = "-Onone";
			};
			name = Debug;
		};
		2F0C9AAE2A44036A00082A26 /* Release */ = {
			isa = XCBuildConfiguration;
			buildSettings = {
				ALWAYS_SEARCH_USER_PATHS = NO;
				CLANG_ANALYZER_NONNULL = YES;
				CLANG_ANALYZER_NUMBER_OBJECT_CONVERSION = YES_AGGRESSIVE;
				CLANG_CXX_LANGUAGE_STANDARD = "gnu++20";
				CLANG_ENABLE_MODULES = YES;
				CLANG_ENABLE_OBJC_ARC = YES;
				CLANG_ENABLE_OBJC_WEAK = YES;
				CLANG_WARN_BLOCK_CAPTURE_AUTORELEASING = YES;
				CLANG_WARN_BOOL_CONVERSION = YES;
				CLANG_WARN_COMMA = YES;
				CLANG_WARN_CONSTANT_CONVERSION = YES;
				CLANG_WARN_DEPRECATED_OBJC_IMPLEMENTATIONS = YES;
				CLANG_WARN_DIRECT_OBJC_ISA_USAGE = YES_ERROR;
				CLANG_WARN_DOCUMENTATION_COMMENTS = YES;
				CLANG_WARN_EMPTY_BODY = YES;
				CLANG_WARN_ENUM_CONVERSION = YES;
				CLANG_WARN_INFINITE_RECURSION = YES;
				CLANG_WARN_INT_CONVERSION = YES;
				CLANG_WARN_NON_LITERAL_NULL_CONVERSION = YES;
				CLANG_WARN_OBJC_IMPLICIT_RETAIN_SELF = YES;
				CLANG_WARN_OBJC_LITERAL_CONVERSION = YES;
				CLANG_WARN_OBJC_ROOT_CLASS = YES_ERROR;
				CLANG_WARN_QUOTED_INCLUDE_IN_FRAMEWORK_HEADER = YES;
				CLANG_WARN_RANGE_LOOP_ANALYSIS = YES;
				CLANG_WARN_STRICT_PROTOTYPES = YES;
				CLANG_WARN_SUSPICIOUS_MOVE = YES;
				CLANG_WARN_UNGUARDED_AVAILABILITY = YES_AGGRESSIVE;
				CLANG_WARN_UNREACHABLE_CODE = YES;
				CLANG_WARN__DUPLICATE_METHOD_MATCH = YES;
				COPY_PHASE_STRIP = NO;
				DEBUG_INFORMATION_FORMAT = "dwarf-with-dsym";
				ENABLE_NS_ASSERTIONS = NO;
				ENABLE_STRICT_OBJC_MSGSEND = YES;
				GCC_C_LANGUAGE_STANDARD = gnu11;
				GCC_NO_COMMON_BLOCKS = YES;
				GCC_WARN_64_TO_32_BIT_CONVERSION = YES;
				GCC_WARN_ABOUT_RETURN_TYPE = YES_ERROR;
				GCC_WARN_UNDECLARED_SELECTOR = YES;
				GCC_WARN_UNINITIALIZED_AUTOS = YES_AGGRESSIVE;
				GCC_WARN_UNUSED_FUNCTION = YES;
				GCC_WARN_UNUSED_VARIABLE = YES;
				IPHONEOS_DEPLOYMENT_TARGET = 16.4;
				MTL_ENABLE_DEBUG_INFO = NO;
				MTL_FAST_MATH = YES;
				SDKROOT = iphoneos;
				SWIFT_COMPILATION_MODE = wholemodule;
				SWIFT_OPTIMIZATION_LEVEL = "-O";
				VALIDATE_PRODUCT = YES;
			};
			name = Release;
		};
		2F0C9AB02A44036A00082A26 /* Debug */ = {
			isa = XCBuildConfiguration;
			buildSettings = {
				ASSETCATALOG_COMPILER_APPICON_NAME = AppIcon;
				ASSETCATALOG_COMPILER_GLOBAL_ACCENT_COLOR_NAME = AccentColor;
				CODE_SIGN_STYLE = Automatic;
				CURRENT_PROJECT_VERSION = 1;
				GENERATE_INFOPLIST_FILE = YES;
				INFOPLIST_FILE = RickAndMorty/Info.plist;
				INFOPLIST_KEY_UIApplicationSupportsIndirectInputEvents = YES;
				INFOPLIST_KEY_UILaunchStoryboardName = LaunchScreen;
				INFOPLIST_KEY_UISupportedInterfaceOrientations_iPad = "UIInterfaceOrientationPortrait UIInterfaceOrientationPortraitUpsideDown UIInterfaceOrientationLandscapeLeft UIInterfaceOrientationLandscapeRight";
				INFOPLIST_KEY_UISupportedInterfaceOrientations_iPhone = "UIInterfaceOrientationPortrait UIInterfaceOrientationLandscapeLeft UIInterfaceOrientationLandscapeRight";
				LD_RUNPATH_SEARCH_PATHS = (
					"$(inherited)",
					"@executable_path/Frameworks",
				);
				MARKETING_VERSION = 1.0;
				PRODUCT_BUNDLE_IDENTIFIER = io.sirzes.RickAndMorty;
				PRODUCT_NAME = "$(TARGET_NAME)";
				SWIFT_EMIT_LOC_STRINGS = YES;
				SWIFT_VERSION = 5.0;
				TARGETED_DEVICE_FAMILY = "1,2";
			};
			name = Debug;
		};
		2F0C9AB12A44036A00082A26 /* Release */ = {
			isa = XCBuildConfiguration;
			buildSettings = {
				ASSETCATALOG_COMPILER_APPICON_NAME = AppIcon;
				ASSETCATALOG_COMPILER_GLOBAL_ACCENT_COLOR_NAME = AccentColor;
				CODE_SIGN_STYLE = Automatic;
				CURRENT_PROJECT_VERSION = 1;
				GENERATE_INFOPLIST_FILE = YES;
				INFOPLIST_FILE = RickAndMorty/Info.plist;
				INFOPLIST_KEY_UIApplicationSupportsIndirectInputEvents = YES;
				INFOPLIST_KEY_UILaunchStoryboardName = LaunchScreen;
				INFOPLIST_KEY_UISupportedInterfaceOrientations_iPad = "UIInterfaceOrientationPortrait UIInterfaceOrientationPortraitUpsideDown UIInterfaceOrientationLandscapeLeft UIInterfaceOrientationLandscapeRight";
				INFOPLIST_KEY_UISupportedInterfaceOrientations_iPhone = "UIInterfaceOrientationPortrait UIInterfaceOrientationLandscapeLeft UIInterfaceOrientationLandscapeRight";
				LD_RUNPATH_SEARCH_PATHS = (
					"$(inherited)",
					"@executable_path/Frameworks",
				);
				MARKETING_VERSION = 1.0;
				PRODUCT_BUNDLE_IDENTIFIER = io.sirzes.RickAndMorty;
				PRODUCT_NAME = "$(TARGET_NAME)";
				SWIFT_EMIT_LOC_STRINGS = YES;
				SWIFT_VERSION = 5.0;
				TARGETED_DEVICE_FAMILY = "1,2";
			};
			name = Release;
		};
/* End XCBuildConfiguration section */

/* Begin XCConfigurationList section */
		2F0C9A962A44036900082A26 /* Build configuration list for PBXProject "RickAndMorty" */ = {
			isa = XCConfigurationList;
			buildConfigurations = (
				2F0C9AAD2A44036A00082A26 /* Debug */,
				2F0C9AAE2A44036A00082A26 /* Release */,
			);
			defaultConfigurationIsVisible = 0;
			defaultConfigurationName = Release;
		};
		2F0C9AAF2A44036A00082A26 /* Build configuration list for PBXNativeTarget "RickAndMorty" */ = {
			isa = XCConfigurationList;
			buildConfigurations = (
				2F0C9AB02A44036A00082A26 /* Debug */,
				2F0C9AB12A44036A00082A26 /* Release */,
			);
			defaultConfigurationIsVisible = 0;
			defaultConfigurationName = Release;
		};
/* End XCConfigurationList section */
	};
	rootObject = 2F0C9A932A44036900082A26 /* Project object */;
}
